// !$*UTF8*$!
{
	archiveVersion = 1;
	classes = {
	};
	objectVersion = 55;
	objects = {

/* Begin PBXBuildFile section */
		981C367427C7EFC000C6A45C /* SearchResultCell.xib in Resources */ = {isa = PBXBuildFile; fileRef = 981C367327C7EFC000C6A45C /* SearchResultCell.xib */; };
		988EF59427C8025A000E2FC3 /* SearchResultCell.swift in Sources */ = {isa = PBXBuildFile; fileRef = 988EF59327C8025A000E2FC3 /* SearchResultCell.swift */; };
		988EF59627C80951000E2FC3 /* NoResultCell.xib in Resources */ = {isa = PBXBuildFile; fileRef = 988EF59527C80951000E2FC3 /* NoResultCell.xib */; };
		98B014AA27C7983F00EBD9AA /* AppDelegate.swift in Sources */ = {isa = PBXBuildFile; fileRef = 98B014A927C7983F00EBD9AA /* AppDelegate.swift */; };
		98B014AC27C7983F00EBD9AA /* SceneDelegate.swift in Sources */ = {isa = PBXBuildFile; fileRef = 98B014AB27C7983F00EBD9AA /* SceneDelegate.swift */; };
		98B014AE27C7983F00EBD9AA /* SearchViewController.swift in Sources */ = {isa = PBXBuildFile; fileRef = 98B014AD27C7983F00EBD9AA /* SearchViewController.swift */; };
		98B014B127C7983F00EBD9AA /* Main.storyboard in Resources */ = {isa = PBXBuildFile; fileRef = 98B014AF27C7983F00EBD9AA /* Main.storyboard */; };
		98B014B327C7984000EBD9AA /* Assets.xcassets in Resources */ = {isa = PBXBuildFile; fileRef = 98B014B227C7984000EBD9AA /* Assets.xcassets */; };
		98B014B627C7984000EBD9AA /* LaunchScreen.storyboard in Resources */ = {isa = PBXBuildFile; fileRef = 98B014B427C7984000EBD9AA /* LaunchScreen.storyboard */; };
		98B014BE27C7C63500EBD9AA /* SearchResult.swift in Sources */ = {isa = PBXBuildFile; fileRef = 98B014BD27C7C63500EBD9AA /* SearchResult.swift */; };
/* End PBXBuildFile section */

/* Begin PBXFileReference section */
		981C367327C7EFC000C6A45C /* SearchResultCell.xib */ = {isa = PBXFileReference; lastKnownFileType = file.xib; path = SearchResultCell.xib; sourceTree = "<group>"; };
		988EF59327C8025A000E2FC3 /* SearchResultCell.swift */ = {isa = PBXFileReference; lastKnownFileType = sourcecode.swift; path = SearchResultCell.swift; sourceTree = "<group>"; };
		988EF59527C80951000E2FC3 /* NoResultCell.xib */ = {isa = PBXFileReference; lastKnownFileType = file.xib; path = NoResultCell.xib; sourceTree = "<group>"; };
		98B014A627C7983F00EBD9AA /* StoreSearch.app */ = {isa = PBXFileReference; explicitFileType = wrapper.application; includeInIndex = 0; path = StoreSearch.app; sourceTree = BUILT_PRODUCTS_DIR; };
		98B014A927C7983F00EBD9AA /* AppDelegate.swift */ = {isa = PBXFileReference; lastKnownFileType = sourcecode.swift; path = AppDelegate.swift; sourceTree = "<group>"; };
		98B014AB27C7983F00EBD9AA /* SceneDelegate.swift */ = {isa = PBXFileReference; lastKnownFileType = sourcecode.swift; path = SceneDelegate.swift; sourceTree = "<group>"; };
		98B014AD27C7983F00EBD9AA /* SearchViewController.swift */ = {isa = PBXFileReference; lastKnownFileType = sourcecode.swift; path = SearchViewController.swift; sourceTree = "<group>"; };
		98B014B027C7983F00EBD9AA /* Base */ = {isa = PBXFileReference; lastKnownFileType = file.storyboard; name = Base; path = Base.lproj/Main.storyboard; sourceTree = "<group>"; };
		98B014B227C7984000EBD9AA /* Assets.xcassets */ = {isa = PBXFileReference; lastKnownFileType = folder.assetcatalog; path = Assets.xcassets; sourceTree = "<group>"; };
		98B014B527C7984000EBD9AA /* Base */ = {isa = PBXFileReference; lastKnownFileType = file.storyboard; name = Base; path = Base.lproj/LaunchScreen.storyboard; sourceTree = "<group>"; };
		98B014B727C7984000EBD9AA /* Info.plist */ = {isa = PBXFileReference; lastKnownFileType = text.plist.xml; path = Info.plist; sourceTree = "<group>"; };
		98B014BD27C7C63500EBD9AA /* SearchResult.swift */ = {isa = PBXFileReference; lastKnownFileType = sourcecode.swift; path = SearchResult.swift; sourceTree = "<group>"; };
/* End PBXFileReference section */

/* Begin PBXFrameworksBuildPhase section */
		98B014A327C7983F00EBD9AA /* Frameworks */ = {
			isa = PBXFrameworksBuildPhase;
			buildActionMask = 2147483647;
			files = (
			);
			runOnlyForDeploymentPostprocessing = 0;
		};
/* End PBXFrameworksBuildPhase section */

/* Begin PBXGroup section */
		98B0149D27C7983F00EBD9AA = {
			isa = PBXGroup;
			children = (
				98B014A827C7983F00EBD9AA /* StoreSearch */,
				98B014A727C7983F00EBD9AA /* Products */,
			);
			sourceTree = "<group>";
		};
		98B014A727C7983F00EBD9AA /* Products */ = {
			isa = PBXGroup;
			children = (
				98B014A627C7983F00EBD9AA /* StoreSearch.app */,
			);
			name = Products;
			sourceTree = "<group>";
		};
		98B014A827C7983F00EBD9AA /* StoreSearch */ = {
			isa = PBXGroup;
			children = (
				98B014A927C7983F00EBD9AA /* AppDelegate.swift */,
				98B014AB27C7983F00EBD9AA /* SceneDelegate.swift */,
				98B014BF27C7C6DD00EBD9AA /* Model */,
				98B014C027C7C6E500EBD9AA /* Controller */,
				98B014C127C7C6F700EBD9AA /* View */,
				98B014B227C7984000EBD9AA /* Assets.xcassets */,
				98B014B727C7984000EBD9AA /* Info.plist */,
			);
			path = StoreSearch;
			sourceTree = "<group>";
		};
		98B014BF27C7C6DD00EBD9AA /* Model */ = {
			isa = PBXGroup;
			children = (
				98B014BD27C7C63500EBD9AA /* SearchResult.swift */,
			);
			path = Model;
			sourceTree = "<group>";
		};
		98B014C027C7C6E500EBD9AA /* Controller */ = {
			isa = PBXGroup;
			children = (
				98B014AD27C7983F00EBD9AA /* SearchViewController.swift */,
				988EF59327C8025A000E2FC3 /* SearchResultCell.swift */,
			);
			path = Controller;
			sourceTree = "<group>";
		};
		98B014C127C7C6F700EBD9AA /* View */ = {
			isa = PBXGroup;
			children = (
				98B014AF27C7983F00EBD9AA /* Main.storyboard */,
				981C367327C7EFC000C6A45C /* SearchResultCell.xib */,
				988EF59527C80951000E2FC3 /* NoResultCell.xib */,
				98B014B427C7984000EBD9AA /* LaunchScreen.storyboard */,
			);
			path = View;
			sourceTree = "<group>";
		};
/* End PBXGroup section */

/* Begin PBXNativeTarget section */
		98B014A527C7983F00EBD9AA /* StoreSearch */ = {
			isa = PBXNativeTarget;
			buildConfigurationList = 98B014BA27C7984000EBD9AA /* Build configuration list for PBXNativeTarget "StoreSearch" */;
			buildPhases = (
				98B014A227C7983F00EBD9AA /* Sources */,
				98B014A327C7983F00EBD9AA /* Frameworks */,
				98B014A427C7983F00EBD9AA /* Resources */,
			);
			buildRules = (
			);
			dependencies = (
			);
			name = StoreSearch;
			productName = StoreSearch;
			productReference = 98B014A627C7983F00EBD9AA /* StoreSearch.app */;
			productType = "com.apple.product-type.application";
		};
/* End PBXNativeTarget section */

/* Begin PBXProject section */
		98B0149E27C7983F00EBD9AA /* Project object */ = {
			isa = PBXProject;
			attributes = {
				BuildIndependentTargetsInParallel = 1;
				LastSwiftUpdateCheck = 1320;
				LastUpgradeCheck = 1320;
				TargetAttributes = {
					98B014A527C7983F00EBD9AA = {
						CreatedOnToolsVersion = 13.2.1;
					};
				};
			};
			buildConfigurationList = 98B014A127C7983F00EBD9AA /* Build configuration list for PBXProject "StoreSearch" */;
			compatibilityVersion = "Xcode 13.0";
			developmentRegion = en;
			hasScannedForEncodings = 0;
			knownRegions = (
				en,
				Base,
			);
			mainGroup = 98B0149D27C7983F00EBD9AA;
			productRefGroup = 98B014A727C7983F00EBD9AA /* Products */;
			projectDirPath = "";
			projectRoot = "";
			targets = (
				98B014A527C7983F00EBD9AA /* StoreSearch */,
			);
		};
/* End PBXProject section */

/* Begin PBXResourcesBuildPhase section */
		98B014A427C7983F00EBD9AA /* Resources */ = {
			isa = PBXResourcesBuildPhase;
			buildActionMask = 2147483647;
			files = (
				98B014B627C7984000EBD9AA /* LaunchScreen.storyboard in Resources */,
				98B014B327C7984000EBD9AA /* Assets.xcassets in Resources */,
				981C367427C7EFC000C6A45C /* SearchResultCell.xib in Resources */,
				988EF59627C80951000E2FC3 /* NoResultCell.xib in Resources */,
				98B014B127C7983F00EBD9AA /* Main.storyboard in Resources */,
			);
			runOnlyForDeploymentPostprocessing = 0;
		};
/* End PBXResourcesBuildPhase section */

/* Begin PBXSourcesBuildPhase section */
		98B014A227C7983F00EBD9AA /* Sources */ = {
			isa = PBXSourcesBuildPhase;
			buildActionMask = 2147483647;
			files = (
				98B014AE27C7983F00EBD9AA /* SearchViewController.swift in Sources */,
				98B014AA27C7983F00EBD9AA /* AppDelegate.swift in Sources */,
				98B014BE27C7C63500EBD9AA /* SearchResult.swift in Sources */,
				98B014AC27C7983F00EBD9AA /* SceneDelegate.swift in Sources */,
				988EF59427C8025A000E2FC3 /* SearchResultCell.swift in Sources */,
			);
			runOnlyForDeploymentPostprocessing = 0;
		};
/* End PBXSourcesBuildPhase section */

/* Begin PBXVariantGroup section */
		98B014AF27C7983F00EBD9AA /* Main.storyboard */ = {
			isa = PBXVariantGroup;
			children = (
				98B014B027C7983F00EBD9AA /* Base */,
			);
			name = Main.storyboard;
			sourceTree = "<group>";
		};
		98B014B427C7984000EBD9AA /* LaunchScreen.storyboard */ = {
			isa = PBXVariantGroup;
			children = (
				98B014B527C7984000EBD9AA /* Base */,
			);
			name = LaunchScreen.storyboard;
			sourceTree = "<group>";
		};
/* End PBXVariantGroup section */

/* Begin XCBuildConfiguration section */
		98B014B827C7984000EBD9AA /* Debug */ = {
			isa = XCBuildConfiguration;
			buildSettings = {
				ALWAYS_SEARCH_USER_PATHS = NO;
				CLANG_ANALYZER_NONNULL = YES;
				CLANG_ANALYZER_NUMBER_OBJECT_CONVERSION = YES_AGGRESSIVE;
				CLANG_CXX_LANGUAGE_STANDARD = "gnu++17";
				CLANG_CXX_LIBRARY = "libc++";
				CLANG_ENABLE_MODULES = YES;
				CLANG_ENABLE_OBJC_ARC = YES;
				CLANG_ENABLE_OBJC_WEAK = YES;
				CLANG_WARN_BLOCK_CAPTURE_AUTORELEASING = YES;
				CLANG_WARN_BOOL_CONVERSION = YES;
				CLANG_WARN_COMMA = YES;
				CLANG_WARN_CONSTANT_CONVERSION = YES;
				CLANG_WARN_DEPRECATED_OBJC_IMPLEMENTATIONS = YES;
				CLANG_WARN_DIRECT_OBJC_ISA_USAGE = YES_ERROR;
				CLANG_WARN_DOCUMENTATION_COMMENTS = YES;
				CLANG_WARN_EMPTY_BODY = YES;
				CLANG_WARN_ENUM_CONVERSION = YES;
				CLANG_WARN_INFINITE_RECURSION = YES;
				CLANG_WARN_INT_CONVERSION = YES;
				CLANG_WARN_NON_LITERAL_NULL_CONVERSION = YES;
				CLANG_WARN_OBJC_IMPLICIT_RETAIN_SELF = YES;
				CLANG_WARN_OBJC_LITERAL_CONVERSION = YES;
				CLANG_WARN_OBJC_ROOT_CLASS = YES_ERROR;
				CLANG_WARN_QUOTED_INCLUDE_IN_FRAMEWORK_HEADER = YES;
				CLANG_WARN_RANGE_LOOP_ANALYSIS = YES;
				CLANG_WARN_STRICT_PROTOTYPES = YES;
				CLANG_WARN_SUSPICIOUS_MOVE = YES;
				CLANG_WARN_UNGUARDED_AVAILABILITY = YES_AGGRESSIVE;
				CLANG_WARN_UNREACHABLE_CODE = YES;
				CLANG_WARN__DUPLICATE_METHOD_MATCH = YES;
				COPY_PHASE_STRIP = NO;
				DEBUG_INFORMATION_FORMAT = dwarf;
				ENABLE_STRICT_OBJC_MSGSEND = YES;
				ENABLE_TESTABILITY = YES;
				GCC_C_LANGUAGE_STANDARD = gnu11;
				GCC_DYNAMIC_NO_PIC = NO;
				GCC_NO_COMMON_BLOCKS = YES;
				GCC_OPTIMIZATION_LEVEL = 0;
				GCC_PREPROCESSOR_DEFINITIONS = (
					"DEBUG=1",
					"$(inherited)",
				);
				GCC_WARN_64_TO_32_BIT_CONVERSION = YES;
				GCC_WARN_ABOUT_RETURN_TYPE = YES_ERROR;
				GCC_WARN_UNDECLARED_SELECTOR = YES;
				GCC_WARN_UNINITIALIZED_AUTOS = YES_AGGRESSIVE;
				GCC_WARN_UNUSED_FUNCTION = YES;
				GCC_WARN_UNUSED_VARIABLE = YES;
				IPHONEOS_DEPLOYMENT_TARGET = 15.2;
				MTL_ENABLE_DEBUG_INFO = INCLUDE_SOURCE;
				MTL_FAST_MATH = YES;
				ONLY_ACTIVE_ARCH = YES;
				SDKROOT = iphoneos;
				SWIFT_ACTIVE_COMPILATION_CONDITIONS = DEBUG;
				SWIFT_OPTIMIZATION_LEVEL = "-Onone";
			};
			name = Debug;
		};
		98B014B927C7984000EBD9AA /* Release */ = {
			isa = XCBuildConfiguration;
			buildSettings = {
				ALWAYS_SEARCH_USER_PATHS = NO;
				CLANG_ANALYZER_NONNULL = YES;
				CLANG_ANALYZER_NUMBER_OBJECT_CONVERSION = YES_AGGRESSIVE;
				CLANG_CXX_LANGUAGE_STANDARD = "gnu++17";
				CLANG_CXX_LIBRARY = "libc++";
				CLANG_ENABLE_MODULES = YES;
				CLANG_ENABLE_OBJC_ARC = YES;
				CLANG_ENABLE_OBJC_WEAK = YES;
				CLANG_WARN_BLOCK_CAPTURE_AUTORELEASING = YES;
				CLANG_WARN_BOOL_CONVERSION = YES;
				CLANG_WARN_COMMA = YES;
				CLANG_WARN_CONSTANT_CONVERSION = YES;
				CLANG_WARN_DEPRECATED_OBJC_IMPLEMENTATIONS = YES;
				CLANG_WARN_DIRECT_OBJC_ISA_USAGE = YES_ERROR;
				CLANG_WARN_DOCUMENTATION_COMMENTS = YES;
				CLANG_WARN_EMPTY_BODY = YES;
				CLANG_WARN_ENUM_CONVERSION = YES;
				CLANG_WARN_INFINITE_RECURSION = YES;
				CLANG_WARN_INT_CONVERSION = YES;
				CLANG_WARN_NON_LITERAL_NULL_CONVERSION = YES;
				CLANG_WARN_OBJC_IMPLICIT_RETAIN_SELF = YES;
				CLANG_WARN_OBJC_LITERAL_CONVERSION = YES;
				CLANG_WARN_OBJC_ROOT_CLASS = YES_ERROR;
				CLANG_WARN_QUOTED_INCLUDE_IN_FRAMEWORK_HEADER = YES;
				CLANG_WARN_RANGE_LOOP_ANALYSIS = YES;
				CLANG_WARN_STRICT_PROTOTYPES = YES;
				CLANG_WARN_SUSPICIOUS_MOVE = YES;
				CLANG_WARN_UNGUARDED_AVAILABILITY = YES_AGGRESSIVE;
				CLANG_WARN_UNREACHABLE_CODE = YES;
				CLANG_WARN__DUPLICATE_METHOD_MATCH = YES;
				COPY_PHASE_STRIP = NO;
				DEBUG_INFORMATION_FORMAT = "dwarf-with-dsym";
				ENABLE_NS_ASSERTIONS = NO;
				ENABLE_STRICT_OBJC_MSGSEND = YES;
				GCC_C_LANGUAGE_STANDARD = gnu11;
				GCC_NO_COMMON_BLOCKS = YES;
				GCC_WARN_64_TO_32_BIT_CONVERSION = YES;
				GCC_WARN_ABOUT_RETURN_TYPE = YES_ERROR;
				GCC_WARN_UNDECLARED_SELECTOR = YES;
				GCC_WARN_UNINITIALIZED_AUTOS = YES_AGGRESSIVE;
				GCC_WARN_UNUSED_FUNCTION = YES;
				GCC_WARN_UNUSED_VARIABLE = YES;
				IPHONEOS_DEPLOYMENT_TARGET = 15.2;
				MTL_ENABLE_DEBUG_INFO = NO;
				MTL_FAST_MATH = YES;
				SDKROOT = iphoneos;
				SWIFT_COMPILATION_MODE = wholemodule;
				SWIFT_OPTIMIZATION_LEVEL = "-O";
				VALIDATE_PRODUCT = YES;
			};
			name = Release;
		};
		98B014BB27C7984000EBD9AA /* Debug */ = {
			isa = XCBuildConfiguration;
			buildSettings = {
				ASSETCATALOG_COMPILER_APPICON_NAME = AppIcon;
				ASSETCATALOG_COMPILER_GLOBAL_ACCENT_COLOR_NAME = AccentColor;
				CODE_SIGN_STYLE = Automatic;
				CURRENT_PROJECT_VERSION = 1;
				DEVELOPMENT_TEAM = 2W69D3B8FV;
				GENERATE_INFOPLIST_FILE = YES;
				INFOPLIST_FILE = StoreSearch/Info.plist;
				INFOPLIST_KEY_UIApplicationSupportsIndirectInputEvents = YES;
				INFOPLIST_KEY_UILaunchStoryboardName = LaunchScreen;
				INFOPLIST_KEY_UIMainStoryboardFile = Main;
				INFOPLIST_KEY_UISupportedInterfaceOrientations_iPad = "UIInterfaceOrientationPortrait UIInterfaceOrientationPortraitUpsideDown UIInterfaceOrientationLandscapeLeft UIInterfaceOrientationLandscapeRight";
				INFOPLIST_KEY_UISupportedInterfaceOrientations_iPhone = "UIInterfaceOrientationPortrait UIInterfaceOrientationLandscapeLeft UIInterfaceOrientationLandscapeRight";
				LD_RUNPATH_SEARCH_PATHS = (
					"$(inherited)",
					"@executable_path/Frameworks",
				);
				MARKETING_VERSION = 1.0;
				PRODUCT_BUNDLE_IDENTIFIER = com.iStefBK.StoreSearch;
				PRODUCT_NAME = "$(TARGET_NAME)";
				SWIFT_EMIT_LOC_STRINGS = YES;
				SWIFT_VERSION = 5.0;
				TARGETED_DEVICE_FAMILY = "1,2";
			};
			name = Debug;
		};
		98B014BC27C7984000EBD9AA /* Release */ = {
			isa = XCBuildConfiguration;
			buildSettings = {
				ASSETCATALOG_COMPILER_APPICON_NAME = AppIcon;
				ASSETCATALOG_COMPILER_GLOBAL_ACCENT_COLOR_NAME = AccentColor;
				CODE_SIGN_STYLE = Automatic;
				CURRENT_PROJECT_VERSION = 1;
				DEVELOPMENT_TEAM = 2W69D3B8FV;
				GENERATE_INFOPLIST_FILE = YES;
				INFOPLIST_FILE = StoreSearch/Info.plist;
				INFOPLIST_KEY_UIApplicationSupportsIndirectInputEvents = YES;
				INFOPLIST_KEY_UILaunchStoryboardName = LaunchScreen;
				INFOPLIST_KEY_UIMainStoryboardFile = Main;
				INFOPLIST_KEY_UISupportedInterfaceOrientations_iPad = "UIInterfaceOrientationPortrait UIInterfaceOrientationPortraitUpsideDown UIInterfaceOrientationLandscapeLeft UIInterfaceOrientationLandscapeRight";
				INFOPLIST_KEY_UISupportedInterfaceOrientations_iPhone = "UIInterfaceOrientationPortrait UIInterfaceOrientationLandscapeLeft UIInterfaceOrientationLandscapeRight";
				LD_RUNPATH_SEARCH_PATHS = (
					"$(inherited)",
					"@executable_path/Frameworks",
				);
				MARKETING_VERSION = 1.0;
				PRODUCT_BUNDLE_IDENTIFIER = com.iStefBK.StoreSearch;
				PRODUCT_NAME = "$(TARGET_NAME)";
				SWIFT_EMIT_LOC_STRINGS = YES;
				SWIFT_VERSION = 5.0;
				TARGETED_DEVICE_FAMILY = "1,2";
			};
			name = Release;
		};
/* End XCBuildConfiguration section */

/* Begin XCConfigurationList section */
		98B014A127C7983F00EBD9AA /* Build configuration list for PBXProject "StoreSearch" */ = {
			isa = XCConfigurationList;
			buildConfigurations = (
				98B014B827C7984000EBD9AA /* Debug */,
				98B014B927C7984000EBD9AA /* Release */,
			);
			defaultConfigurationIsVisible = 0;
			defaultConfigurationName = Release;
		};
		98B014BA27C7984000EBD9AA /* Build configuration list for PBXNativeTarget "StoreSearch" */ = {
			isa = XCConfigurationList;
			buildConfigurations = (
				98B014BB27C7984000EBD9AA /* Debug */,
				98B014BC27C7984000EBD9AA /* Release */,
			);
			defaultConfigurationIsVisible = 0;
			defaultConfigurationName = Release;
		};
/* End XCConfigurationList section */
	};
	rootObject = 98B0149E27C7983F00EBD9AA /* Project object */;
}
